
Microsoft Visual Studio Solution File, Format Version 12.00
# Visual Studio Version 17
VisualStudioVersion = 17.14.36717.8
MinimumVisualStudioVersion = 10.0.40219.1
Project("{FAE04EC0-301F-11D3-BF4B-00C04F79EFBC}") = "Weather.Api", "Weather.Api.csproj", "{7E81BB54-D2B7-4143-A29E-621804204CC9}"
EndProject
Project("{FAE04EC0-301F-11D3-BF4B-00C04F79EFBC}") = "Weather.Service", "..\Weather.Service\Weather.Service.csproj", "{0367C020-77DC-41A5-9C0D-98A288DB80F8}"
EndProject
Project("{FAE04EC0-301F-11D3-BF4B-00C04F79EFBC}") = "Weather.Gateway", "..\Weather.Gateway\Weather.Gateway.csproj", "{D86C754C-4C45-4EC3-9BA1-446F6E1A2CC1}"
EndProject
Project("{FAE04EC0-301F-11D3-BF4B-00C04F79EFBC}") = "Weather.WebCaller", "..\Weather.WebCaller\Weather.WebCaller.csproj", "{7B757018-893D-4DBD-9F3D-38BE530015CC}"
EndProject
Project("{FAE04EC0-301F-11D3-BF4B-00C04F79EFBC}") = "Weather.Service.Contract", "..\Weather.Service.Contract\Weather.Service.Contract.csproj", "{54FF4728-791D-415F-9384-A91799257755}"
EndProject
Project("{FAE04EC0-301F-11D3-BF4B-00C04F79EFBC}") = "Weather.Gateway.Contract", "..\Weather.Gateway.Contract\Weather.Gateway.Contract.csproj", "{C2F1F933-8BB6-4074-83CE-81CA6C1323B2}"
EndProject
Project("{FAE04EC0-301F-11D3-BF4B-00C04F79EFBC}") = "Weather.Api.ComponentTests", "..\Weather.Api.ComponentTests\Weather.Api.ComponentTests.csproj", "{5C1ABAD1-52CF-BF07-13EB-C7C36F3F8CB8}"
EndProject
Global
	GlobalSection(SolutionConfigurationPlatforms) = preSolution
		Debug|Any CPU = Debug|Any CPU
		Debug|x64 = Debug|x64
		Debug|x86 = Debug|x86
		Release|Any CPU = Release|Any CPU
		Release|x64 = Release|x64
		Release|x86 = Release|x86
	EndGlobalSection
	GlobalSection(ProjectConfigurationPlatforms) = postSolution
		{7E81BB54-D2B7-4143-A29E-621804204CC9}.Debug|Any CPU.ActiveCfg = Debug|Any CPU
		{7E81BB54-D2B7-4143-A29E-621804204CC9}.Debug|Any CPU.Build.0 = Debug|Any CPU
		{7E81BB54-D2B7-4143-A29E-621804204CC9}.Debug|x64.ActiveCfg = Debug|Any CPU
		{7E81BB54-D2B7-4143-A29E-621804204CC9}.Debug|x64.Build.0 = Debug|Any CPU
		{7E81BB54-D2B7-4143-A29E-621804204CC9}.Debug|x86.ActiveCfg = Debug|Any CPU
		{7E81BB54-D2B7-4143-A29E-621804204CC9}.Debug|x86.Build.0 = Debug|Any CPU
		{7E81BB54-D2B7-4143-A29E-621804204CC9}.Release|Any CPU.ActiveCfg = Release|Any CPU
		{7E81BB54-D2B7-4143-A29E-621804204CC9}.Release|Any CPU.Build.0 = Release|Any CPU
		{7E81BB54-D2B7-4143-A29E-621804204CC9}.Release|x64.ActiveCfg = Release|Any CPU
		{7E81BB54-D2B7-4143-A29E-621804204CC9}.Release|x64.Build.0 = Release|Any CPU
		{7E81BB54-D2B7-4143-A29E-621804204CC9}.Release|x86.ActiveCfg = Release|Any CPU
		{7E81BB54-D2B7-4143-A29E-621804204CC9}.Release|x86.Build.0 = Release|Any CPU
		{0367C020-77DC-41A5-9C0D-98A288DB80F8}.Debug|Any CPU.ActiveCfg = Debug|Any CPU
		{0367C020-77DC-41A5-9C0D-98A288DB80F8}.Debug|Any CPU.Build.0 = Debug|Any CPU
		{0367C020-77DC-41A5-9C0D-98A288DB80F8}.Debug|x64.ActiveCfg = Debug|Any CPU
		{0367C020-77DC-41A5-9C0D-98A288DB80F8}.Debug|x64.Build.0 = Debug|Any CPU
		{0367C020-77DC-41A5-9C0D-98A288DB80F8}.Debug|x86.ActiveCfg = Debug|Any CPU
		{0367C020-77DC-41A5-9C0D-98A288DB80F8}.Debug|x86.Build.0 = Debug|Any CPU
		{0367C020-77DC-41A5-9C0D-98A288DB80F8}.Release|Any CPU.ActiveCfg = Release|Any CPU
		{0367C020-77DC-41A5-9C0D-98A288DB80F8}.Release|Any CPU.Build.0 = Release|Any CPU
		{0367C020-77DC-41A5-9C0D-98A288DB80F8}.Release|x64.ActiveCfg = Release|Any CPU
		{0367C020-77DC-41A5-9C0D-98A288DB80F8}.Release|x64.Build.0 = Release|Any CPU
		{0367C020-77DC-41A5-9C0D-98A288DB80F8}.Release|x86.ActiveCfg = Release|Any CPU
		{0367C020-77DC-41A5-9C0D-98A288DB80F8}.Release|x86.Build.0 = Release|Any CPU
		{D86C754C-4C45-4EC3-9BA1-446F6E1A2CC1}.Debug|Any CPU.ActiveCfg = Debug|Any CPU
		{D86C754C-4C45-4EC3-9BA1-446F6E1A2CC1}.Debug|Any CPU.Build.0 = Debug|Any CPU
		{D86C754C-4C45-4EC3-9BA1-446F6E1A2CC1}.Debug|x64.ActiveCfg = Debug|Any CPU
		{D86C754C-4C45-4EC3-9BA1-446F6E1A2CC1}.Debug|x64.Build.0 = Debug|Any CPU
		{D86C754C-4C45-4EC3-9BA1-446F6E1A2CC1}.Debug|x86.ActiveCfg = Debug|Any CPU
		{D86C754C-4C45-4EC3-9BA1-446F6E1A2CC1}.Debug|x86.Build.0 = Debug|Any CPU
		{D86C754C-4C45-4EC3-9BA1-446F6E1A2CC1}.Release|Any CPU.ActiveCfg = Release|Any CPU
		{D86C754C-4C45-4EC3-9BA1-446F6E1A2CC1}.Release|Any CPU.Build.0 = Release|Any CPU
		{D86C754C-4C45-4EC3-9BA1-446F6E1A2CC1}.Release|x64.ActiveCfg = Release|Any CPU
		{D86C754C-4C45-4EC3-9BA1-446F6E1A2CC1}.Release|x64.Build.0 = Release|Any CPU
		{D86C754C-4C45-4EC3-9BA1-446F6E1A2CC1}.Release|x86.ActiveCfg = Release|Any CPU
		{D86C754C-4C45-4EC3-9BA1-446F6E1A2CC1}.Release|x86.Build.0 = Release|Any CPU
		{7B757018-893D-4DBD-9F3D-38BE530015CC}.Debug|Any CPU.ActiveCfg = Debug|Any CPU
		{7B757018-893D-4DBD-9F3D-38BE530015CC}.Debug|Any CPU.Build.0 = Debug|Any CPU
		{7B757018-893D-4DBD-9F3D-38BE530015CC}.Debug|x64.ActiveCfg = Debug|Any CPU
		{7B757018-893D-4DBD-9F3D-38BE530015CC}.Debug|x64.Build.0 = Debug|Any CPU
		{7B757018-893D-4DBD-9F3D-38BE530015CC}.Debug|x86.ActiveCfg = Debug|Any CPU
		{7B757018-893D-4DBD-9F3D-38BE530015CC}.Debug|x86.Build.0 = Debug|Any CPU
		{7B757018-893D-4DBD-9F3D-38BE530015CC}.Release|Any CPU.ActiveCfg = Release|Any CPU
		{7B757018-893D-4DBD-9F3D-38BE530015CC}.Release|Any CPU.Build.0 = Release|Any CPU
		{7B757018-893D-4DBD-9F3D-38BE530015CC}.Release|x64.ActiveCfg = Release|Any CPU
		{7B757018-893D-4DBD-9F3D-38BE530015CC}.Release|x64.Build.0 = Release|Any CPU
		{7B757018-893D-4DBD-9F3D-38BE530015CC}.Release|x86.ActiveCfg = Release|Any CPU
		{7B757018-893D-4DBD-9F3D-38BE530015CC}.Release|x86.Build.0 = Release|Any CPU
		{54FF4728-791D-415F-9384-A91799257755}.Debug|Any CPU.ActiveCfg = Debug|Any CPU
		{54FF4728-791D-415F-9384-A91799257755}.Debug|Any CPU.Build.0 = Debug|Any CPU
		{54FF4728-791D-415F-9384-A91799257755}.Debug|x64.ActiveCfg = Debug|Any CPU
		{54FF4728-791D-415F-9384-A91799257755}.Debug|x64.Build.0 = Debug|Any CPU
		{54FF4728-791D-415F-9384-A91799257755}.Debug|x86.ActiveCfg = Debug|Any CPU
		{54FF4728-791D-415F-9384-A91799257755}.Debug|x86.Build.0 = Debug|Any CPU
		{54FF4728-791D-415F-9384-A91799257755}.Release|Any CPU.ActiveCfg = Release|Any CPU
		{54FF4728-791D-415F-9384-A91799257755}.Release|Any CPU.Build.0 = Release|Any CPU
		{54FF4728-791D-415F-9384-A91799257755}.Release|x64.ActiveCfg = Release|Any CPU
		{54FF4728-791D-415F-9384-A91799257755}.Release|x64.Build.0 = Release|Any CPU
		{54FF4728-791D-415F-9384-A91799257755}.Release|x86.ActiveCfg = Release|Any CPU
		{54FF4728-791D-415F-9384-A91799257755}.Release|x86.Build.0 = Release|Any CPU
		{C2F1F933-8BB6-4074-83CE-81CA6C1323B2}.Debug|Any CPU.ActiveCfg = Debug|Any CPU
		{C2F1F933-8BB6-4074-83CE-81CA6C1323B2}.Debug|Any CPU.Build.0 = Debug|Any CPU
		{C2F1F933-8BB6-4074-83CE-81CA6C1323B2}.Debug|x64.ActiveCfg = Debug|Any CPU
		{C2F1F933-8BB6-4074-83CE-81CA6C1323B2}.Debug|x64.Build.0 = Debug|Any CPU
		{C2F1F933-8BB6-4074-83CE-81CA6C1323B2}.Debug|x86.ActiveCfg = Debug|Any CPU
		{C2F1F933-8BB6-4074-83CE-81CA6C1323B2}.Debug|x86.Build.0 = Debug|Any CPU
		{C2F1F933-8BB6-4074-83CE-81CA6C1323B2}.Release|Any CPU.ActiveCfg = Release|Any CPU
		{C2F1F933-8BB6-4074-83CE-81CA6C1323B2}.Release|Any CPU.Build.0 = Release|Any CPU
		{C2F1F933-8BB6-4074-83CE-81CA6C1323B2}.Release|x64.ActiveCfg = Release|Any CPU
		{C2F1F933-8BB6-4074-83CE-81CA6C1323B2}.Release|x64.Build.0 = Release|Any CPU
		{C2F1F933-8BB6-4074-83CE-81CA6C1323B2}.Release|x86.ActiveCfg = Release|Any CPU
		{C2F1F933-8BB6-4074-83CE-81CA6C1323B2}.Release|x86.Build.0 = Release|Any CPU
		{5C1ABAD1-52CF-BF07-13EB-C7C36F3F8CB8}.Debug|Any CPU.ActiveCfg = Debug|Any CPU
		{5C1ABAD1-52CF-BF07-13EB-C7C36F3F8CB8}.Debug|Any CPU.Build.0 = Debug|Any CPU
		{5C1ABAD1-52CF-BF07-13EB-C7C36F3F8CB8}.Debug|x64.ActiveCfg = Debug|Any CPU
		{5C1ABAD1-52CF-BF07-13EB-C7C36F3F8CB8}.Debug|x64.Build.0 = Debug|Any CPU
		{5C1ABAD1-52CF-BF07-13EB-C7C36F3F8CB8}.Debug|x86.ActiveCfg = Debug|Any CPU
		{5C1ABAD1-52CF-BF07-13EB-C7C36F3F8CB8}.Debug|x86.Build.0 = Debug|Any CPU
		{5C1ABAD1-52CF-BF07-13EB-C7C36F3F8CB8}.Release|Any CPU.ActiveCfg = Release|Any CPU
		{5C1ABAD1-52CF-BF07-13EB-C7C36F3F8CB8}.Release|Any CPU.Build.0 = Release|Any CPU
		{5C1ABAD1-52CF-BF07-13EB-C7C36F3F8CB8}.Release|x64.ActiveCfg = Release|Any CPU
		{5C1ABAD1-52CF-BF07-13EB-C7C36F3F8CB8}.Release|x64.Build.0 = Release|Any CPU
		{5C1ABAD1-52CF-BF07-13EB-C7C36F3F8CB8}.Release|x86.ActiveCfg = Release|Any CPU
		{5C1ABAD1-52CF-BF07-13EB-C7C36F3F8CB8}.Release|x86.Build.0 = Release|Any CPU
	EndGlobalSection
	GlobalSection(SolutionProperties) = preSolution
		HideSolutionNode = FALSE
	EndGlobalSection
	GlobalSection(ExtensibilityGlobals) = postSolution
		SolutionGuid = {E57D65FF-BE21-4B8E-8A97-EE202D09A1FB}
	EndGlobalSection
EndGlobal
